github.impcloud.net/RSP-Inventory-Suite/gojsonpointer v0.0.0-20180127040702-4e3ac2762d5f h1:Paw9dd9dqq8are9GUZMwCX9QN/AgA4zdUkxf6hglylM=
github.impcloud.net/RSP-Inventory-Suite/gojsonpointer v0.0.0-20180127040702-4e3ac2762d5f/go.mod h1:N80GkzOpdvELrGuL8tBK1F9nPfBLd/hLXwf+hvdaWRk=
github.impcloud.net/RSP-Inventory-Suite/gojsonreference v0.0.0-20190322220103-0e7d2639f6b2 h1:6JhOs/XTRvp5bL6tCZHB3gOcP+yUWEIUdL/6gMoyHWs=
github.impcloud.net/RSP-Inventory-Suite/gojsonreference v0.0.0-20190322220103-0e7d2639f6b2/go.mod h1:Bmuk1oW3m3RMIKJVtdGU9bM0LR7a/YB7NLeKWE0FHMo=
