github.com/davecgh/go-spew v1.1.0 h1:ZDRjVQ15GmhC3fiQ8ni8+OwkZQO4DARzQgrnXU1Liz8=
github.com/davecgh/go-spew v1.1.0/go.mod h1:J7Y8YcW2NihsgmVo/mv3lAwl/skON4iLHjSsI+c5H38=
github.com/pmezard/go-difflib v1.0.0 h1:4DBwDE0NGyQoBHbLQYPwSUPoCMWR5BEzIk/f1lZbAQM=
github.com/pmezard/go-difflib v1.0.0/go.mod h1:iKH77koFhYxTK1pcRnkKkqfTogsbg7gZNVY4sRDYZ/4=
github.com/stretchr/objx v0.1.0/go.mod h1:HFkY916IF+rwdDfMAkV7OtwuqBVzrE8GR6GFx+wExME=
github.com/stretchr/testify v1.3.0 h1:TivCn/peBQ7UY8ooIcPgZFpTNSz0Q2U6UrFlUfqbe0Q=
github.com/stretchr/testify v1.3.0/go.mod h1:M5WIy9Dh21IEIfnGCwXGc5bZfKNJtfHm1UVUgZn+9EI=
github.impcloud.net/RSP-Inventory-Suite/gojsonpointer v0.0.0-20180127040702-4e3ac2762d5f h1:Paw9dd9dqq8are9GUZMwCX9QN/AgA4zdUkxf6hglylM=
github.impcloud.net/RSP-Inventory-Suite/gojsonpointer v0.0.0-20180127040702-4e3ac2762d5f/go.mod h1:N80GkzOpdvELrGuL8tBK1F9nPfBLd/hLXwf+hvdaWRk=
github.impcloud.net/RSP-Inventory-Suite/gojsonreference v0.0.0-20190322220103-0e7d2639f6b2 h1:6JhOs/XTRvp5bL6tCZHB3gOcP+yUWEIUdL/6gMoyHWs=
github.impcloud.net/RSP-Inventory-Suite/gojsonreference v0.0.0-20190322220103-0e7d2639f6b2/go.mod h1:Bmuk1oW3m3RMIKJVtdGU9bM0LR7a/YB7NLeKWE0FHMo=
